// !$*UTF8*$!
{
	archiveVersion = 1;
	classes = {
	};
	objectVersion = 50;
	objects = {

/* Begin PBXBuildFile section */
		3BCB41CA25924851005A427B /* SliderGameApp.swift in Sources */ = {isa = PBXBuildFile; fileRef = 3BCB41C925924851005A427B /* SliderGameApp.swift */; };
		3BCB41CC25924851005A427B /* SliderGameContentView.swift in Sources */ = {isa = PBXBuildFile; fileRef = 3BCB41CB25924851005A427B /* SliderGameContentView.swift */; };
		3BCB41CE25924852005A427B /* Assets.xcassets in Resources */ = {isa = PBXBuildFile; fileRef = 3BCB41CD25924852005A427B /* Assets.xcassets */; };
		3BCB41D125924852005A427B /* Preview Assets.xcassets in Resources */ = {isa = PBXBuildFile; fileRef = 3BCB41D025924852005A427B /* Preview Assets.xcassets */; };
		3BCB41DB25926581005A427B /* GameUISlider.swift in Sources */ = {isa = PBXBuildFile; fileRef = 3BCB41DA25926581005A427B /* GameUISlider.swift */; };
/* End PBXBuildFile section */

/* Begin PBXFileReference section */
		3BCB41C625924851005A427B /* SliderGame.app */ = {isa = PBXFileReference; explicitFileType = wrapper.application; includeInIndex = 0; path = SliderGame.app; sourceTree = BUILT_PRODUCTS_DIR; };
		3BCB41C925924851005A427B /* SliderGameApp.swift */ = {isa = PBXFileReference; lastKnownFileType = sourcecode.swift; path = SliderGameApp.swift; sourceTree = "<group>"; };
		3BCB41CB25924851005A427B /* SliderGameContentView.swift */ = {isa = PBXFileReference; lastKnownFileType = sourcecode.swift; path = SliderGameContentView.swift; sourceTree = "<group>"; };
		3BCB41CD25924852005A427B /* Assets.xcassets */ = {isa = PBXFileReference; lastKnownFileType = folder.assetcatalog; path = Assets.xcassets; sourceTree = "<group>"; };
		3BCB41D025924852005A427B /* Preview Assets.xcassets */ = {isa = PBXFileReference; lastKnownFileType = folder.assetcatalog; path = "Preview Assets.xcassets"; sourceTree = "<group>"; };
		3BCB41D225924852005A427B /* Info.plist */ = {isa = PBXFileReference; lastKnownFileType = text.plist.xml; path = Info.plist; sourceTree = "<group>"; };
		3BCB41DA25926581005A427B /* GameUISlider.swift */ = {isa = PBXFileReference; lastKnownFileType = sourcecode.swift; path = GameUISlider.swift; sourceTree = "<group>"; };
/* End PBXFileReference section */

/* Begin PBXFrameworksBuildPhase section */
		3BCB41C325924851005A427B /* Frameworks */ = {
			isa = PBXFrameworksBuildPhase;
			buildActionMask = 2147483647;
			files = (
			);
			runOnlyForDeploymentPostprocessing = 0;
		};
/* End PBXFrameworksBuildPhase section */

/* Begin PBXGroup section */
		3BCB41BD25924851005A427B = {
			isa = PBXGroup;
			children = (
				3BCB41C825924851005A427B /* SliderGame */,
				3BCB41C725924851005A427B /* Products */,
			);
			sourceTree = "<group>";
		};
		3BCB41C725924851005A427B /* Products */ = {
			isa = PBXGroup;
			children = (
				3BCB41C625924851005A427B /* SliderGame.app */,
			);
			name = Products;
			sourceTree = "<group>";
		};
		3BCB41C825924851005A427B /* SliderGame */ = {
			isa = PBXGroup;
			children = (
				3BCB41E325926B5F005A427B /* Resource */,
				3BCB41C925924851005A427B /* SliderGameApp.swift */,
				3BCB41DE259268A0005A427B /* Content Views */,
				3BCB41E025926B0D005A427B /* Supporting File */,
				3BCB41CF25924852005A427B /* Preview Content */,
			);
			path = SliderGame;
			sourceTree = "<group>";
		};
		3BCB41CF25924852005A427B /* Preview Content */ = {
			isa = PBXGroup;
			children = (
				3BCB41D025924852005A427B /* Preview Assets.xcassets */,
			);
			path = "Preview Content";
			sourceTree = "<group>";
		};
		3BCB41DE259268A0005A427B /* Content Views */ = {
			isa = PBXGroup;
			children = (
				3BCB41CB25924851005A427B /* SliderGameContentView.swift */,
				3BCB41DA25926581005A427B /* GameUISlider.swift */,
			);
			path = "Content Views";
			sourceTree = "<group>";
		};
		3BCB41E025926B0D005A427B /* Supporting File */ = {
			isa = PBXGroup;
			children = (
				3BCB41D225924852005A427B /* Info.plist */,
			);
			path = "Supporting File";
			sourceTree = "<group>";
		};
		3BCB41E325926B5F005A427B /* Resource */ = {
			isa = PBXGroup;
			children = (
				3BCB41CD25924852005A427B /* Assets.xcassets */,
			);
			path = Resource;
			sourceTree = "<group>";
		};
/* End PBXGroup section */

/* Begin PBXNativeTarget section */
		3BCB41C525924851005A427B /* SliderGame */ = {
			isa = PBXNativeTarget;
			buildConfigurationList = 3BCB41D525924852005A427B /* Build configuration list for PBXNativeTarget "SliderGame" */;
			buildPhases = (
				3BCB41C225924851005A427B /* Sources */,
				3BCB41C325924851005A427B /* Frameworks */,
				3BCB41C425924851005A427B /* Resources */,
			);
			buildRules = (
			);
			dependencies = (
			);
			name = SliderGame;
			productName = SliderGame;
			productReference = 3BCB41C625924851005A427B /* SliderGame.app */;
			productType = "com.apple.product-type.application";
		};
/* End PBXNativeTarget section */

/* Begin PBXProject section */
		3BCB41BE25924851005A427B /* Project object */ = {
			isa = PBXProject;
			attributes = {
				LastSwiftUpdateCheck = 1220;
				LastUpgradeCheck = 1220;
				TargetAttributes = {
					3BCB41C525924851005A427B = {
						CreatedOnToolsVersion = 12.2;
					};
				};
			};
			buildConfigurationList = 3BCB41C125924851005A427B /* Build configuration list for PBXProject "SliderGame" */;
			compatibilityVersion = "Xcode 9.3";
			developmentRegion = en;
			hasScannedForEncodings = 0;
			knownRegions = (
				en,
				Base,
			);
			mainGroup = 3BCB41BD25924851005A427B;
			productRefGroup = 3BCB41C725924851005A427B /* Products */;
			projectDirPath = "";
			projectRoot = "";
			targets = (
				3BCB41C525924851005A427B /* SliderGame */,
			);
		};
/* End PBXProject section */

/* Begin PBXResourcesBuildPhase section */
		3BCB41C425924851005A427B /* Resources */ = {
			isa = PBXResourcesBuildPhase;
			buildActionMask = 2147483647;
			files = (
				3BCB41D125924852005A427B /* Preview Assets.xcassets in Resources */,
				3BCB41CE25924852005A427B /* Assets.xcassets in Resources */,
			);
			runOnlyForDeploymentPostprocessing = 0;
		};
/* End PBXResourcesBuildPhase section */

/* Begin PBXSourcesBuildPhase section */
		3BCB41C225924851005A427B /* Sources */ = {
			isa = PBXSourcesBuildPhase;
			buildActionMask = 2147483647;
			files = (
				3BCB41CC25924851005A427B /* SliderGameContentView.swift in Sources */,
				3BCB41DB25926581005A427B /* GameUISlider.swift in Sources */,
				3BCB41CA25924851005A427B /* SliderGameApp.swift in Sources */,
			);
			runOnlyForDeploymentPostprocessing = 0;
		};
/* End PBXSourcesBuildPhase section */

/* Begin XCBuildConfiguration section */
		3BCB41D325924852005A427B /* Debug */ = {
			isa = XCBuildConfiguration;
			buildSettings = {
				ALWAYS_SEARCH_USER_PATHS = NO;
				CLANG_ANALYZER_NONNULL = YES;
				CLANG_ANALYZER_NUMBER_OBJECT_CONVERSION = YES_AGGRESSIVE;
				CLANG_CXX_LANGUAGE_STANDARD = "gnu++14";
				CLANG_CXX_LIBRARY = "libc++";
				CLANG_ENABLE_MODULES = YES;
				CLANG_ENABLE_OBJC_ARC = YES;
				CLANG_ENABLE_OBJC_WEAK = YES;
				CLANG_WARN_BLOCK_CAPTURE_AUTORELEASING = YES;
				CLANG_WARN_BOOL_CONVERSION = YES;
				CLANG_WARN_COMMA = YES;
				CLANG_WARN_CONSTANT_CONVERSION = YES;
				CLANG_WARN_DEPRECATED_OBJC_IMPLEMENTATIONS = YES;
				CLANG_WARN_DIRECT_OBJC_ISA_USAGE = YES_ERROR;
				CLANG_WARN_DOCUMENTATION_COMMENTS = YES;
				CLANG_WARN_EMPTY_BODY = YES;
				CLANG_WARN_ENUM_CONVERSION = YES;
				CLANG_WARN_INFINITE_RECURSION = YES;
				CLANG_WARN_INT_CONVERSION = YES;
				CLANG_WARN_NON_LITERAL_NULL_CONVERSION = YES;
				CLANG_WARN_OBJC_IMPLICIT_RETAIN_SELF = YES;
				CLANG_WARN_OBJC_LITERAL_CONVERSION = YES;
				CLANG_WARN_OBJC_ROOT_CLASS = YES_ERROR;
				CLANG_WARN_QUOTED_INCLUDE_IN_FRAMEWORK_HEADER = YES;
				CLANG_WARN_RANGE_LOOP_ANALYSIS = YES;
				CLANG_WARN_STRICT_PROTOTYPES = YES;
				CLANG_WARN_SUSPICIOUS_MOVE = YES;
				CLANG_WARN_UNGUARDED_AVAILABILITY = YES_AGGRESSIVE;
				CLANG_WARN_UNREACHABLE_CODE = YES;
				CLANG_WARN__DUPLICATE_METHOD_MATCH = YES;
				COPY_PHASE_STRIP = NO;
				DEBUG_INFORMATION_FORMAT = dwarf;
				ENABLE_STRICT_OBJC_MSGSEND = YES;
				ENABLE_TESTABILITY = YES;
				GCC_C_LANGUAGE_STANDARD = gnu11;
				GCC_DYNAMIC_NO_PIC = NO;
				GCC_NO_COMMON_BLOCKS = YES;
				GCC_OPTIMIZATION_LEVEL = 0;
				GCC_PREPROCESSOR_DEFINITIONS = (
					"DEBUG=1",
					"$(inherited)",
				);
				GCC_WARN_64_TO_32_BIT_CONVERSION = YES;
				GCC_WARN_ABOUT_RETURN_TYPE = YES_ERROR;
				GCC_WARN_UNDECLARED_SELECTOR = YES;
				GCC_WARN_UNINITIALIZED_AUTOS = YES_AGGRESSIVE;
				GCC_WARN_UNUSED_FUNCTION = YES;
				GCC_WARN_UNUSED_VARIABLE = YES;
				IPHONEOS_DEPLOYMENT_TARGET = 14.2;
				MTL_ENABLE_DEBUG_INFO = INCLUDE_SOURCE;
				MTL_FAST_MATH = YES;
				ONLY_ACTIVE_ARCH = YES;
				SDKROOT = iphoneos;
				SWIFT_ACTIVE_COMPILATION_CONDITIONS = DEBUG;
				SWIFT_OPTIMIZATION_LEVEL = "-Onone";
			};
			name = Debug;
		};
		3BCB41D425924852005A427B /* Release */ = {
			isa = XCBuildConfiguration;
			buildSettings = {
				ALWAYS_SEARCH_USER_PATHS = NO;
				CLANG_ANALYZER_NONNULL = YES;
				CLANG_ANALYZER_NUMBER_OBJECT_CONVERSION = YES_AGGRESSIVE;
				CLANG_CXX_LANGUAGE_STANDARD = "gnu++14";
				CLANG_CXX_LIBRARY = "libc++";
				CLANG_ENABLE_MODULES = YES;
				CLANG_ENABLE_OBJC_ARC = YES;
				CLANG_ENABLE_OBJC_WEAK = YES;
				CLANG_WARN_BLOCK_CAPTURE_AUTORELEASING = YES;
				CLANG_WARN_BOOL_CONVERSION = YES;
				CLANG_WARN_COMMA = YES;
				CLANG_WARN_CONSTANT_CONVERSION = YES;
				CLANG_WARN_DEPRECATED_OBJC_IMPLEMENTATIONS = YES;
				CLANG_WARN_DIRECT_OBJC_ISA_USAGE = YES_ERROR;
				CLANG_WARN_DOCUMENTATION_COMMENTS = YES;
				CLANG_WARN_EMPTY_BODY = YES;
				CLANG_WARN_ENUM_CONVERSION = YES;
				CLANG_WARN_INFINITE_RECURSION = YES;
				CLANG_WARN_INT_CONVERSION = YES;
				CLANG_WARN_NON_LITERAL_NULL_CONVERSION = YES;
				CLANG_WARN_OBJC_IMPLICIT_RETAIN_SELF = YES;
				CLANG_WARN_OBJC_LITERAL_CONVERSION = YES;
				CLANG_WARN_OBJC_ROOT_CLASS = YES_ERROR;
				CLANG_WARN_QUOTED_INCLUDE_IN_FRAMEWORK_HEADER = YES;
				CLANG_WARN_RANGE_LOOP_ANALYSIS = YES;
				CLANG_WARN_STRICT_PROTOTYPES = YES;
				CLANG_WARN_SUSPICIOUS_MOVE = YES;
				CLANG_WARN_UNGUARDED_AVAILABILITY = YES_AGGRESSIVE;
				CLANG_WARN_UNREACHABLE_CODE = YES;
				CLANG_WARN__DUPLICATE_METHOD_MATCH = YES;
				COPY_PHASE_STRIP = NO;
				DEBUG_INFORMATION_FORMAT = "dwarf-with-dsym";
				ENABLE_NS_ASSERTIONS = NO;
				ENABLE_STRICT_OBJC_MSGSEND = YES;
				GCC_C_LANGUAGE_STANDARD = gnu11;
				GCC_NO_COMMON_BLOCKS = YES;
				GCC_WARN_64_TO_32_BIT_CONVERSION = YES;
				GCC_WARN_ABOUT_RETURN_TYPE = YES_ERROR;
				GCC_WARN_UNDECLARED_SELECTOR = YES;
				GCC_WARN_UNINITIALIZED_AUTOS = YES_AGGRESSIVE;
				GCC_WARN_UNUSED_FUNCTION = YES;
				GCC_WARN_UNUSED_VARIABLE = YES;
				IPHONEOS_DEPLOYMENT_TARGET = 14.2;
				MTL_ENABLE_DEBUG_INFO = NO;
				MTL_FAST_MATH = YES;
				SDKROOT = iphoneos;
				SWIFT_COMPILATION_MODE = wholemodule;
				SWIFT_OPTIMIZATION_LEVEL = "-O";
				VALIDATE_PRODUCT = YES;
			};
			name = Release;
		};
		3BCB41D625924852005A427B /* Debug */ = {
			isa = XCBuildConfiguration;
			buildSettings = {
				ASSETCATALOG_COMPILER_APPICON_NAME = AppIcon;
				ASSETCATALOG_COMPILER_GLOBAL_ACCENT_COLOR_NAME = AccentColor;
				CODE_SIGN_STYLE = Automatic;
				DEVELOPMENT_ASSET_PATHS = "\"SliderGame/Preview Content\"";
				ENABLE_PREVIEWS = YES;
				INFOPLIST_FILE = "SliderGame/Supporting File/Info.plist";
				IPHONEOS_DEPLOYMENT_TARGET = 14.0;
				LD_RUNPATH_SEARCH_PATHS = (
					"$(inherited)",
					"@executable_path/Frameworks",
				);
				PRODUCT_BUNDLE_IDENTIFIER = ru.dmitry.SliderGame;
				PRODUCT_NAME = "$(TARGET_NAME)";
				SWIFT_VERSION = 5.0;
				TARGETED_DEVICE_FAMILY = "1,2";
			};
			name = Debug;
		};
		3BCB41D725924852005A427B /* Release */ = {
			isa = XCBuildConfiguration;
			buildSettings = {
				ASSETCATALOG_COMPILER_APPICON_NAME = AppIcon;
				ASSETCATALOG_COMPILER_GLOBAL_ACCENT_COLOR_NAME = AccentColor;
				CODE_SIGN_STYLE = Automatic;
				DEVELOPMENT_ASSET_PATHS = "\"SliderGame/Preview Content\"";
				ENABLE_PREVIEWS = YES;
				INFOPLIST_FILE = "SliderGame/Supporting File/Info.plist";
				IPHONEOS_DEPLOYMENT_TARGET = 14.0;
				LD_RUNPATH_SEARCH_PATHS = (
					"$(inherited)",
					"@executable_path/Frameworks",
				);
				PRODUCT_BUNDLE_IDENTIFIER = ru.dmitry.SliderGame;
				PRODUCT_NAME = "$(TARGET_NAME)";
				SWIFT_VERSION = 5.0;
				TARGETED_DEVICE_FAMILY = "1,2";
			};
			name = Release;
		};
/* End XCBuildConfiguration section */

/* Begin XCConfigurationList section */
		3BCB41C125924851005A427B /* Build configuration list for PBXProject "SliderGame" */ = {
			isa = XCConfigurationList;
			buildConfigurations = (
				3BCB41D325924852005A427B /* Debug */,
				3BCB41D425924852005A427B /* Release */,
			);
			defaultConfigurationIsVisible = 0;
			defaultConfigurationName = Release;
		};
		3BCB41D525924852005A427B /* Build configuration list for PBXNativeTarget "SliderGame" */ = {
			isa = XCConfigurationList;
			buildConfigurations = (
				3BCB41D625924852005A427B /* Debug */,
				3BCB41D725924852005A427B /* Release */,
			);
			defaultConfigurationIsVisible = 0;
			defaultConfigurationName = Release;
		};
/* End XCConfigurationList section */
	};
	rootObject = 3BCB41BE25924851005A427B /* Project object */;
}
